{
  "name": "neural-snake",
  "version": "1.0.0",
  "lockfileVersion": 3,
  "requires": true,
  "packages": {
    "": {
      "name": "neural-snake",
      "version": "1.0.0",
      "dependencies": {
        "@vercel/kv": "^0.2.4"
      }
    },
    "node_modules/@upstash/redis": {
      "version": "1.24.3",
      "resolved": "https://registry.npmjs.org/@upstash/redis/-/redis-1.24.3.tgz",
      "integrity": "sha512-gw6d4IA1biB4eye5ESaXc0zOlVQI94aptsBvVcTghYWu1kRmOrJFoMFEDCa8p5uzluyYAOFCuY2GWLR6O4ZoIw==",
      "license": "MIT",
      "dependencies": {
        "crypto-js": "^4.2.0"
      }
    },
    "node_modules/@vercel/kv": {
      "version": "0.2.4",
      "resolved": "https://registry.npmjs.org/@vercel/kv/-/kv-0.2.4.tgz",
      "integrity": "sha512-wbIOOXhg6MzmNMzKFSWbbLAS65hCZcJN33z1coENzI1M0fOX55yE9v9LwVGqkzdItp3eZsv6pYvwcmGtllyLTw==",
      "license": "Apache-2.0",
      "dependencies": {
        "@upstash/redis": "1.24.3"
      },
      "engines": {
        "node": ">=14.6"
      }
    },
    "node_modules/crypto-js": {
      "version": "4.2.0",
      "resolved": "https://registry.npmjs.org/crypto-js/-/crypto-js-4.2.0.tgz",
      "integrity": "sha512-KALDyEYgpY+Rlob/iriUtjV6d5Eq+Y191A5g4UqLAi8CyGP9N1+FdVbkc1SxKc2r4YAYqG8JzO2KGL+AizD70Q==",
      "license": "MIT"
    }
  }
}
